{
  "version": 4,
  "terraform_version": "1.12.2",
  "serial": 9,
  "lineage": "ec7566ab-da21-b924-8b4d-e7b1beede817",
  "outputs": {
    "kubernetes_cluster_name": {
      "value": "flaskapp-aks-cluster",
      "type": "string"
    },
    "resource_group_name": {
      "value": "flaskapp-resource-group",
      "type": "string"
    }
  },
  "resources": [
    {
      "mode": "managed",
      "type": "azurerm_resource_group",
      "name": "rg",
      "provider": "provider[\"registry.terraform.io/hashicorp/azurerm\"]",
      "instances": [
        {
          "schema_version": 0,
          "attributes": {
            "id": "/subscriptions/cb0804c7-ccaf-443b-94d1-f328b5d502b6/resourceGroups/flaskapp-resource-group",
            "location": "eastus",
            "managed_by": "",
            "name": "flaskapp-resource-group",
            "tags": null,
            "timeouts": null
          },
          "sensitive_attributes": [],
          "identity_schema_version": 0,
          "private": "eyJlMmJmYjczMC1lY2FhLTExZTYtOGY4OC0zNDM2M2JjN2M0YzAiOnsiY3JlYXRlIjo1NDAwMDAwMDAwMDAwLCJkZWxldGUiOjU0MDAwMDAwMDAwMDAsInJlYWQiOjMwMDAwMDAwMDAwMCwidXBkYXRlIjo1NDAwMDAwMDAwMDAwfX0="
        }
      ]
    }
  ],
  "check_results": null
}
